
Microsoft Visual Studio Solution File, Format Version 12.00
# Visual Studio 14
VisualStudioVersion = 14.0.25420.1
MinimumVisualStudioVersion = 10.0.40219.1
Project("{FAE04EC0-301F-11D3-BF4B-00C04F79EFBC}") = "App", "App\App.csproj", "{1CCC48CE-A8EB-4A6F-8B03-B298F21E1B13}"
EndProject
Project("{2150E333-8FDC-42A3-9474-1A3956D46DE8}") = "Solution Items", "Solution Items", "{F884AD08-722E-418A-8673-45B847E6819C}"
EndProject
Project("{FAE04EC0-301F-11D3-BF4B-00C04F79EFBC}") = "Data", "Data\Data.csproj", "{42F7CB62-FE89-47BA-AE33-C6F7F1BCE809}"
EndProject
Project("{FAE04EC0-301F-11D3-BF4B-00C04F79EFBC}") = "Rendering", "Rendering\Rendering.csproj", "{D68CEBAF-A051-43CF-98CB-A12223956AED}"
EndProject
Project("{FAE04EC0-301F-11D3-BF4B-00C04F79EFBC}") = "WorldManaging", "WorldManaging\WorldManaging.csproj", "{47DE07E2-7A1C-4CB8-9158-BD6DD091C037}"
EndProject
Project("{FAE04EC0-301F-11D3-BF4B-00C04F79EFBC}") = "Benchmarking", "Benchmarking\Benchmarking.csproj", "{C77FFF35-4678-4CED-82C5-4F64A9DCA86E}"
EndProject
Global
	GlobalSection(SolutionConfigurationPlatforms) = preSolution
		Debug|Any CPU = Debug|Any CPU
		Debug|Mixed Platforms = Debug|Mixed Platforms
		Debug|Win32 = Debug|Win32
		Release|Any CPU = Release|Any CPU
		Release|Mixed Platforms = Release|Mixed Platforms
		Release|Win32 = Release|Win32
	EndGlobalSection
	GlobalSection(ProjectConfigurationPlatforms) = postSolution
		{1CCC48CE-A8EB-4A6F-8B03-B298F21E1B13}.Debug|Any CPU.ActiveCfg = Debug|Any CPU
		{1CCC48CE-A8EB-4A6F-8B03-B298F21E1B13}.Debug|Any CPU.Build.0 = Debug|Any CPU
		{1CCC48CE-A8EB-4A6F-8B03-B298F21E1B13}.Debug|Mixed Platforms.ActiveCfg = Debug|Any CPU
		{1CCC48CE-A8EB-4A6F-8B03-B298F21E1B13}.Debug|Mixed Platforms.Build.0 = Debug|Any CPU
		{1CCC48CE-A8EB-4A6F-8B03-B298F21E1B13}.Debug|Win32.ActiveCfg = Debug|Any CPU
		{1CCC48CE-A8EB-4A6F-8B03-B298F21E1B13}.Release|Any CPU.ActiveCfg = Release|Any CPU
		{1CCC48CE-A8EB-4A6F-8B03-B298F21E1B13}.Release|Any CPU.Build.0 = Release|Any CPU
		{1CCC48CE-A8EB-4A6F-8B03-B298F21E1B13}.Release|Mixed Platforms.ActiveCfg = Release|Any CPU
		{1CCC48CE-A8EB-4A6F-8B03-B298F21E1B13}.Release|Mixed Platforms.Build.0 = Release|Any CPU
		{1CCC48CE-A8EB-4A6F-8B03-B298F21E1B13}.Release|Win32.ActiveCfg = Release|Any CPU
		{42F7CB62-FE89-47BA-AE33-C6F7F1BCE809}.Debug|Any CPU.ActiveCfg = Debug|Any CPU
		{42F7CB62-FE89-47BA-AE33-C6F7F1BCE809}.Debug|Any CPU.Build.0 = Debug|Any CPU
		{42F7CB62-FE89-47BA-AE33-C6F7F1BCE809}.Debug|Mixed Platforms.ActiveCfg = Debug|Any CPU
		{42F7CB62-FE89-47BA-AE33-C6F7F1BCE809}.Debug|Mixed Platforms.Build.0 = Debug|Any CPU
		{42F7CB62-FE89-47BA-AE33-C6F7F1BCE809}.Debug|Win32.ActiveCfg = Debug|Any CPU
		{42F7CB62-FE89-47BA-AE33-C6F7F1BCE809}.Debug|Win32.Build.0 = Debug|Any CPU
		{42F7CB62-FE89-47BA-AE33-C6F7F1BCE809}.Release|Any CPU.ActiveCfg = Release|Any CPU
		{42F7CB62-FE89-47BA-AE33-C6F7F1BCE809}.Release|Any CPU.Build.0 = Release|Any CPU
		{42F7CB62-FE89-47BA-AE33-C6F7F1BCE809}.Release|Mixed Platforms.ActiveCfg = Release|Any CPU
		{42F7CB62-FE89-47BA-AE33-C6F7F1BCE809}.Release|Mixed Platforms.Build.0 = Release|Any CPU
		{42F7CB62-FE89-47BA-AE33-C6F7F1BCE809}.Release|Win32.ActiveCfg = Release|Any CPU
		{42F7CB62-FE89-47BA-AE33-C6F7F1BCE809}.Release|Win32.Build.0 = Release|Any CPU
		{D68CEBAF-A051-43CF-98CB-A12223956AED}.Debug|Any CPU.ActiveCfg = Debug|Any CPU
		{D68CEBAF-A051-43CF-98CB-A12223956AED}.Debug|Any CPU.Build.0 = Debug|Any CPU
		{D68CEBAF-A051-43CF-98CB-A12223956AED}.Debug|Mixed Platforms.ActiveCfg = Debug|Any CPU
		{D68CEBAF-A051-43CF-98CB-A12223956AED}.Debug|Mixed Platforms.Build.0 = Debug|Any CPU
		{D68CEBAF-A051-43CF-98CB-A12223956AED}.Debug|Win32.ActiveCfg = Debug|Any CPU
		{D68CEBAF-A051-43CF-98CB-A12223956AED}.Debug|Win32.Build.0 = Debug|Any CPU
		{D68CEBAF-A051-43CF-98CB-A12223956AED}.Release|Any CPU.ActiveCfg = Release|Any CPU
		{D68CEBAF-A051-43CF-98CB-A12223956AED}.Release|Any CPU.Build.0 = Release|Any CPU
		{D68CEBAF-A051-43CF-98CB-A12223956AED}.Release|Mixed Platforms.ActiveCfg = Release|Any CPU
		{D68CEBAF-A051-43CF-98CB-A12223956AED}.Release|Mixed Platforms.Build.0 = Release|Any CPU
		{D68CEBAF-A051-43CF-98CB-A12223956AED}.Release|Win32.ActiveCfg = Release|Any CPU
		{D68CEBAF-A051-43CF-98CB-A12223956AED}.Release|Win32.Build.0 = Release|Any CPU
		{47DE07E2-7A1C-4CB8-9158-BD6DD091C037}.Debug|Any CPU.ActiveCfg = Debug|Any CPU
		{47DE07E2-7A1C-4CB8-9158-BD6DD091C037}.Debug|Any CPU.Build.0 = Debug|Any CPU
		{47DE07E2-7A1C-4CB8-9158-BD6DD091C037}.Debug|Mixed Platforms.ActiveCfg = Debug|Any CPU
		{47DE07E2-7A1C-4CB8-9158-BD6DD091C037}.Debug|Mixed Platforms.Build.0 = Debug|Any CPU
		{47DE07E2-7A1C-4CB8-9158-BD6DD091C037}.Debug|Win32.ActiveCfg = Debug|Any CPU
		{47DE07E2-7A1C-4CB8-9158-BD6DD091C037}.Debug|Win32.Build.0 = Debug|Any CPU
		{47DE07E2-7A1C-4CB8-9158-BD6DD091C037}.Release|Any CPU.ActiveCfg = Release|Any CPU
		{47DE07E2-7A1C-4CB8-9158-BD6DD091C037}.Release|Any CPU.Build.0 = Release|Any CPU
		{47DE07E2-7A1C-4CB8-9158-BD6DD091C037}.Release|Mixed Platforms.ActiveCfg = Release|Any CPU
		{47DE07E2-7A1C-4CB8-9158-BD6DD091C037}.Release|Mixed Platforms.Build.0 = Release|Any CPU
		{47DE07E2-7A1C-4CB8-9158-BD6DD091C037}.Release|Win32.ActiveCfg = Release|Any CPU
		{47DE07E2-7A1C-4CB8-9158-BD6DD091C037}.Release|Win32.Build.0 = Release|Any CPU
		{C77FFF35-4678-4CED-82C5-4F64A9DCA86E}.Debug|Any CPU.ActiveCfg = Debug|Any CPU
		{C77FFF35-4678-4CED-82C5-4F64A9DCA86E}.Debug|Any CPU.Build.0 = Debug|Any CPU
		{C77FFF35-4678-4CED-82C5-4F64A9DCA86E}.Debug|Mixed Platforms.ActiveCfg = Debug|Any CPU
		{C77FFF35-4678-4CED-82C5-4F64A9DCA86E}.Debug|Mixed Platforms.Build.0 = Debug|Any CPU
		{C77FFF35-4678-4CED-82C5-4F64A9DCA86E}.Debug|Win32.ActiveCfg = Debug|Any CPU
		{C77FFF35-4678-4CED-82C5-4F64A9DCA86E}.Debug|Win32.Build.0 = Debug|Any CPU
		{C77FFF35-4678-4CED-82C5-4F64A9DCA86E}.Release|Any CPU.ActiveCfg = Release|Any CPU
		{C77FFF35-4678-4CED-82C5-4F64A9DCA86E}.Release|Any CPU.Build.0 = Release|Any CPU
		{C77FFF35-4678-4CED-82C5-4F64A9DCA86E}.Release|Mixed Platforms.ActiveCfg = Release|Any CPU
		{C77FFF35-4678-4CED-82C5-4F64A9DCA86E}.Release|Mixed Platforms.Build.0 = Release|Any CPU
		{C77FFF35-4678-4CED-82C5-4F64A9DCA86E}.Release|Win32.ActiveCfg = Release|Any CPU
		{C77FFF35-4678-4CED-82C5-4F64A9DCA86E}.Release|Win32.Build.0 = Release|Any CPU
	EndGlobalSection
	GlobalSection(SolutionProperties) = preSolution
		HideSolutionNode = FALSE
	EndGlobalSection
EndGlobal
